
Microsoft Visual Studio Solution File, Format Version 12.00
# Visual Studio Version 17
VisualStudioVersion = 17.7.34031.279
MinimumVisualStudioVersion = 10.0.40219.1
Project("{8BC9CEB8-8B4A-11D0-8D11-00A0C91BC942}") = "Project1", "Project1\Project1.vcxproj", "{CE990B65-5463-4FEB-9BEC-9CB252A082EC}"
EndProject
Project("{8BC9CEB8-8B4A-11D0-8D11-00A0C91BC942}") = "C++学习", "C++学习\C++学习.vcxproj", "{26D7C090-7B3D-474E-8DA8-090C314F2483}"
EndProject
Project("{8BC9CEB8-8B4A-11D0-8D11-00A0C91BC942}") = "CSP模拟题", "CSP模拟题\CSP模拟题.vcxproj", "{E0DFB565-7424-431C-9D5D-A1FCBD1C1BA5}"
EndProject
Project("{8BC9CEB8-8B4A-11D0-8D11-00A0C91BC942}") = "基于多态的职工管理系统", "基于多态的职工管理系统\基于多态的职工管理系统.vcxproj", "{2097EF73-56DF-4879-89A2-BFF6BC46CF86}"
EndProject
Project("{8BC9CEB8-8B4A-11D0-8D11-00A0C91BC942}") = "数据结构和算法", "数据结构和算法\数据结构和算法.vcxproj", "{E98BEBD6-FD09-471A-9463-0159D081694B}"
EndProject
Project("{8BC9CEB8-8B4A-11D0-8D11-00A0C91BC942}") = "通讯录管理系统", "通讯录管理系统\通讯录的管理系统.vcxproj", "{48C1319E-22DA-44E0-BF85-CF68CB528FD5}"
EndProject
Project("{8BC9CEB8-8B4A-11D0-8D11-00A0C91BC942}") = "C++各种头文件用法", "C++各种头文件用法\C++各种头文件用法.vcxproj", "{4622677D-6FC4-42B3-84F3-FBE78CD23818}"
EndProject
Project("{8BC9CEB8-8B4A-11D0-8D11-00A0C91BC942}") = "手写编译器", "手写编译器\手写编译器.vcxproj", "{127B2D89-1168-45B3-990C-C84B47169F75}"
EndProject
Project("{8BC9CEB8-8B4A-11D0-8D11-00A0C91BC942}") = "Parser", "Parser\Parser.vcxproj", "{5BC60419-BC52-4B53-941F-1ECD2294068A}"
EndProject
Project("{8BC9CEB8-8B4A-11D0-8D11-00A0C91BC942}") = "Lexer", "Lexer\Lexer.vcxproj", "{3DD1D943-22F1-4230-AB1F-F55099EDA833}"
EndProject
Project("{8BC9CEB8-8B4A-11D0-8D11-00A0C91BC942}") = "语法分析器", "语法分析器\语法分析器.vcxproj", "{4C06645D-2DB0-4906-9147-E7AB96D51A2F}"
EndProject
Project("{8BC9CEB8-8B4A-11D0-8D11-00A0C91BC942}") = "测试", "测试\测试.vcxproj", "{F5FB33BC-6808-4BE0-95E4-FE71D5E099A9}"
EndProject
Global
	GlobalSection(SolutionConfigurationPlatforms) = preSolution
		Debug|x64 = Debug|x64
		Debug|x86 = Debug|x86
		Release|x64 = Release|x64
		Release|x86 = Release|x86
	EndGlobalSection
	GlobalSection(ProjectConfigurationPlatforms) = postSolution
		{CE990B65-5463-4FEB-9BEC-9CB252A082EC}.Debug|x64.ActiveCfg = Debug|x64
		{CE990B65-5463-4FEB-9BEC-9CB252A082EC}.Debug|x64.Build.0 = Debug|x64
		{CE990B65-5463-4FEB-9BEC-9CB252A082EC}.Debug|x86.ActiveCfg = Debug|Win32
		{CE990B65-5463-4FEB-9BEC-9CB252A082EC}.Debug|x86.Build.0 = Debug|Win32
		{CE990B65-5463-4FEB-9BEC-9CB252A082EC}.Release|x64.ActiveCfg = Release|x64
		{CE990B65-5463-4FEB-9BEC-9CB252A082EC}.Release|x64.Build.0 = Release|x64
		{CE990B65-5463-4FEB-9BEC-9CB252A082EC}.Release|x86.ActiveCfg = Release|Win32
		{CE990B65-5463-4FEB-9BEC-9CB252A082EC}.Release|x86.Build.0 = Release|Win32
		{26D7C090-7B3D-474E-8DA8-090C314F2483}.Debug|x64.ActiveCfg = Debug|x64
		{26D7C090-7B3D-474E-8DA8-090C314F2483}.Debug|x64.Build.0 = Debug|x64
		{26D7C090-7B3D-474E-8DA8-090C314F2483}.Debug|x86.ActiveCfg = Debug|Win32
		{26D7C090-7B3D-474E-8DA8-090C314F2483}.Debug|x86.Build.0 = Debug|Win32
		{26D7C090-7B3D-474E-8DA8-090C314F2483}.Release|x64.ActiveCfg = Release|x64
		{26D7C090-7B3D-474E-8DA8-090C314F2483}.Release|x64.Build.0 = Release|x64
		{26D7C090-7B3D-474E-8DA8-090C314F2483}.Release|x86.ActiveCfg = Release|Win32
		{26D7C090-7B3D-474E-8DA8-090C314F2483}.Release|x86.Build.0 = Release|Win32
		{E0DFB565-7424-431C-9D5D-A1FCBD1C1BA5}.Debug|x64.ActiveCfg = Debug|x64
		{E0DFB565-7424-431C-9D5D-A1FCBD1C1BA5}.Debug|x64.Build.0 = Debug|x64
		{E0DFB565-7424-431C-9D5D-A1FCBD1C1BA5}.Debug|x86.ActiveCfg = Debug|Win32
		{E0DFB565-7424-431C-9D5D-A1FCBD1C1BA5}.Debug|x86.Build.0 = Debug|Win32
		{E0DFB565-7424-431C-9D5D-A1FCBD1C1BA5}.Release|x64.ActiveCfg = Release|x64
		{E0DFB565-7424-431C-9D5D-A1FCBD1C1BA5}.Release|x64.Build.0 = Release|x64
		{E0DFB565-7424-431C-9D5D-A1FCBD1C1BA5}.Release|x86.ActiveCfg = Release|Win32
		{E0DFB565-7424-431C-9D5D-A1FCBD1C1BA5}.Release|x86.Build.0 = Release|Win32
		{2097EF73-56DF-4879-89A2-BFF6BC46CF86}.Debug|x64.ActiveCfg = Debug|x64
		{2097EF73-56DF-4879-89A2-BFF6BC46CF86}.Debug|x64.Build.0 = Debug|x64
		{2097EF73-56DF-4879-89A2-BFF6BC46CF86}.Debug|x86.ActiveCfg = Debug|Win32
		{2097EF73-56DF-4879-89A2-BFF6BC46CF86}.Debug|x86.Build.0 = Debug|Win32
		{2097EF73-56DF-4879-89A2-BFF6BC46CF86}.Release|x64.ActiveCfg = Release|x64
		{2097EF73-56DF-4879-89A2-BFF6BC46CF86}.Release|x64.Build.0 = Release|x64
		{2097EF73-56DF-4879-89A2-BFF6BC46CF86}.Release|x86.ActiveCfg = Release|Win32
		{2097EF73-56DF-4879-89A2-BFF6BC46CF86}.Release|x86.Build.0 = Release|Win32
		{E98BEBD6-FD09-471A-9463-0159D081694B}.Debug|x64.ActiveCfg = Debug|x64
		{E98BEBD6-FD09-471A-9463-0159D081694B}.Debug|x64.Build.0 = Debug|x64
		{E98BEBD6-FD09-471A-9463-0159D081694B}.Debug|x86.ActiveCfg = Debug|Win32
		{E98BEBD6-FD09-471A-9463-0159D081694B}.Debug|x86.Build.0 = Debug|Win32
		{E98BEBD6-FD09-471A-9463-0159D081694B}.Release|x64.ActiveCfg = Release|x64
		{E98BEBD6-FD09-471A-9463-0159D081694B}.Release|x64.Build.0 = Release|x64
		{E98BEBD6-FD09-471A-9463-0159D081694B}.Release|x86.ActiveCfg = Release|Win32
		{E98BEBD6-FD09-471A-9463-0159D081694B}.Release|x86.Build.0 = Release|Win32
		{48C1319E-22DA-44E0-BF85-CF68CB528FD5}.Debug|x64.ActiveCfg = Debug|x64
		{48C1319E-22DA-44E0-BF85-CF68CB528FD5}.Debug|x64.Build.0 = Debug|x64
		{48C1319E-22DA-44E0-BF85-CF68CB528FD5}.Debug|x86.ActiveCfg = Debug|Win32
		{48C1319E-22DA-44E0-BF85-CF68CB528FD5}.Debug|x86.Build.0 = Debug|Win32
		{48C1319E-22DA-44E0-BF85-CF68CB528FD5}.Release|x64.ActiveCfg = Release|x64
		{48C1319E-22DA-44E0-BF85-CF68CB528FD5}.Release|x64.Build.0 = Release|x64
		{48C1319E-22DA-44E0-BF85-CF68CB528FD5}.Release|x86.ActiveCfg = Release|Win32
		{48C1319E-22DA-44E0-BF85-CF68CB528FD5}.Release|x86.Build.0 = Release|Win32
		{4622677D-6FC4-42B3-84F3-FBE78CD23818}.Debug|x64.ActiveCfg = Debug|x64
		{4622677D-6FC4-42B3-84F3-FBE78CD23818}.Debug|x64.Build.0 = Debug|x64
		{4622677D-6FC4-42B3-84F3-FBE78CD23818}.Debug|x86.ActiveCfg = Debug|Win32
		{4622677D-6FC4-42B3-84F3-FBE78CD23818}.Debug|x86.Build.0 = Debug|Win32
		{4622677D-6FC4-42B3-84F3-FBE78CD23818}.Release|x64.ActiveCfg = Release|x64
		{4622677D-6FC4-42B3-84F3-FBE78CD23818}.Release|x64.Build.0 = Release|x64
		{4622677D-6FC4-42B3-84F3-FBE78CD23818}.Release|x86.ActiveCfg = Release|Win32
		{4622677D-6FC4-42B3-84F3-FBE78CD23818}.Release|x86.Build.0 = Release|Win32
		{127B2D89-1168-45B3-990C-C84B47169F75}.Debug|x64.ActiveCfg = Debug|x64
		{127B2D89-1168-45B3-990C-C84B47169F75}.Debug|x64.Build.0 = Debug|x64
		{127B2D89-1168-45B3-990C-C84B47169F75}.Debug|x86.ActiveCfg = Debug|Win32
		{127B2D89-1168-45B3-990C-C84B47169F75}.Debug|x86.Build.0 = Debug|Win32
		{127B2D89-1168-45B3-990C-C84B47169F75}.Release|x64.ActiveCfg = Release|x64
		{127B2D89-1168-45B3-990C-C84B47169F75}.Release|x64.Build.0 = Release|x64
		{127B2D89-1168-45B3-990C-C84B47169F75}.Release|x86.ActiveCfg = Release|Win32
		{127B2D89-1168-45B3-990C-C84B47169F75}.Release|x86.Build.0 = Release|Win32
		{5BC60419-BC52-4B53-941F-1ECD2294068A}.Debug|x64.ActiveCfg = Debug|x64
		{5BC60419-BC52-4B53-941F-1ECD2294068A}.Debug|x64.Build.0 = Debug|x64
		{5BC60419-BC52-4B53-941F-1ECD2294068A}.Debug|x86.ActiveCfg = Debug|Win32
		{5BC60419-BC52-4B53-941F-1ECD2294068A}.Debug|x86.Build.0 = Debug|Win32
		{5BC60419-BC52-4B53-941F-1ECD2294068A}.Release|x64.ActiveCfg = Release|x64
		{5BC60419-BC52-4B53-941F-1ECD2294068A}.Release|x64.Build.0 = Release|x64
		{5BC60419-BC52-4B53-941F-1ECD2294068A}.Release|x86.ActiveCfg = Release|Win32
		{5BC60419-BC52-4B53-941F-1ECD2294068A}.Release|x86.Build.0 = Release|Win32
		{3DD1D943-22F1-4230-AB1F-F55099EDA833}.Debug|x64.ActiveCfg = Debug|x64
		{3DD1D943-22F1-4230-AB1F-F55099EDA833}.Debug|x64.Build.0 = Debug|x64
		{3DD1D943-22F1-4230-AB1F-F55099EDA833}.Debug|x86.ActiveCfg = Debug|Win32
		{3DD1D943-22F1-4230-AB1F-F55099EDA833}.Debug|x86.Build.0 = Debug|Win32
		{3DD1D943-22F1-4230-AB1F-F55099EDA833}.Release|x64.ActiveCfg = Release|x64
		{3DD1D943-22F1-4230-AB1F-F55099EDA833}.Release|x64.Build.0 = Release|x64
		{3DD1D943-22F1-4230-AB1F-F55099EDA833}.Release|x86.ActiveCfg = Release|Win32
		{3DD1D943-22F1-4230-AB1F-F55099EDA833}.Release|x86.Build.0 = Release|Win32
		{4C06645D-2DB0-4906-9147-E7AB96D51A2F}.Debug|x64.ActiveCfg = Debug|x64
		{4C06645D-2DB0-4906-9147-E7AB96D51A2F}.Debug|x64.Build.0 = Debug|x64
		{4C06645D-2DB0-4906-9147-E7AB96D51A2F}.Debug|x86.ActiveCfg = Debug|Win32
		{4C06645D-2DB0-4906-9147-E7AB96D51A2F}.Debug|x86.Build.0 = Debug|Win32
		{4C06645D-2DB0-4906-9147-E7AB96D51A2F}.Release|x64.ActiveCfg = Release|x64
		{4C06645D-2DB0-4906-9147-E7AB96D51A2F}.Release|x64.Build.0 = Release|x64
		{4C06645D-2DB0-4906-9147-E7AB96D51A2F}.Release|x86.ActiveCfg = Release|Win32
		{4C06645D-2DB0-4906-9147-E7AB96D51A2F}.Release|x86.Build.0 = Release|Win32
		{F5FB33BC-6808-4BE0-95E4-FE71D5E099A9}.Debug|x64.ActiveCfg = Debug|x64
		{F5FB33BC-6808-4BE0-95E4-FE71D5E099A9}.Debug|x64.Build.0 = Debug|x64
		{F5FB33BC-6808-4BE0-95E4-FE71D5E099A9}.Debug|x86.ActiveCfg = Debug|Win32
		{F5FB33BC-6808-4BE0-95E4-FE71D5E099A9}.Debug|x86.Build.0 = Debug|Win32
		{F5FB33BC-6808-4BE0-95E4-FE71D5E099A9}.Release|x64.ActiveCfg = Release|x64
		{F5FB33BC-6808-4BE0-95E4-FE71D5E099A9}.Release|x64.Build.0 = Release|x64
		{F5FB33BC-6808-4BE0-95E4-FE71D5E099A9}.Release|x86.ActiveCfg = Release|Win32
		{F5FB33BC-6808-4BE0-95E4-FE71D5E099A9}.Release|x86.Build.0 = Release|Win32
	EndGlobalSection
	GlobalSection(SolutionProperties) = preSolution
		HideSolutionNode = FALSE
	EndGlobalSection
	GlobalSection(ExtensibilityGlobals) = postSolution
		SolutionGuid = {B29FF95B-BFDC-4E42-9B07-644364B0D4E4}
	EndGlobalSection
EndGlobal
